
Microsoft Visual Studio Solution File, Format Version 12.00
# Visual Studio Version 17
VisualStudioVersion = 17.5.33627.172
MinimumVisualStudioVersion = 10.0.40219.1
Project("{9A19103F-16F7-4668-BE54-9A1E7A4F7556}") = "Mockit.TestApp.Web", "Mockit.TestApp.Web\Mockit.TestApp.Web.csproj", "{81337398-D62E-40EA-88EA-CB2602920AEC}"
EndProject
Project("{FAE04EC0-301F-11D3-BF4B-00C04F79EFBC}") = "Mockit.AspNetCore", "Mockit.AspNetCore\Mockit.AspNetCore.csproj", "{5204C043-1B65-49F3-842B-6E26807F8EE9}"
EndProject
Global
	GlobalSection(SolutionConfigurationPlatforms) = preSolution
		Debug|Any CPU = Debug|Any CPU
		Release|Any CPU = Release|Any CPU
	EndGlobalSection
	GlobalSection(ProjectConfigurationPlatforms) = postSolution
		{81337398-D62E-40EA-88EA-CB2602920AEC}.Debug|Any CPU.ActiveCfg = Debug|Any CPU
		{81337398-D62E-40EA-88EA-CB2602920AEC}.Debug|Any CPU.Build.0 = Debug|Any CPU
		{81337398-D62E-40EA-88EA-CB2602920AEC}.Release|Any CPU.ActiveCfg = Release|Any CPU
		{81337398-D62E-40EA-88EA-CB2602920AEC}.Release|Any CPU.Build.0 = Release|Any CPU
		{5204C043-1B65-49F3-842B-6E26807F8EE9}.Debug|Any CPU.ActiveCfg = Debug|Any CPU
		{5204C043-1B65-49F3-842B-6E26807F8EE9}.Debug|Any CPU.Build.0 = Debug|Any CPU
		{5204C043-1B65-49F3-842B-6E26807F8EE9}.Release|Any CPU.ActiveCfg = Release|Any CPU
		{5204C043-1B65-49F3-842B-6E26807F8EE9}.Release|Any CPU.Build.0 = Release|Any CPU
	EndGlobalSection
	GlobalSection(SolutionProperties) = preSolution
		HideSolutionNode = FALSE
	EndGlobalSection
	GlobalSection(ExtensibilityGlobals) = postSolution
		SolutionGuid = {D133EF8A-EDB1-4D52-B891-571C0B918666}
	EndGlobalSection
EndGlobal
